{
  "requires": true,
  "lockfileVersion": 1,
  "dependencies": {
    "@vue/devtools-api": {
      "version": "6.0.0-beta.14",
      "resolved": "https://registry.npmjs.org/@vue/devtools-api/-/devtools-api-6.0.0-beta.14.tgz",
      "integrity": "sha512-44fPrrN1cqcs6bFkT0C+yxTM6PZXLbR+ESh1U1j8UD22yO04gXvxH62HApMjLbS3WqJO/iCNC+CYT+evPQh2EQ=="
    },
    "vue-router": {
      "version": "4.0.9",
      "resolved": "https://registry.npmjs.org/vue-router/-/vue-router-4.0.9.tgz",
      "integrity": "sha512-i3IaZJ57YeMbRHQlqKyXdUMr5NzTCcJkn3f8u38TsZjYWtGcd3IX2zRd3389SCOwuRf11mgfHAyngR6FVDE9og==",
      "requires": {
        "@vue/devtools-api": "^6.0.0-beta.14"
      }
    }
  }
}
